
Microsoft Visual Studio Solution File, Format Version 12.00
# Visual Studio Version 17
VisualStudioVersion = 17.13.35919.96 d17.13
MinimumVisualStudioVersion = 10.0.40219.1
Project("{FAE04EC0-301F-11D3-BF4B-00C04F79EFBC}") = "MacGuffin", "MacGuffin\MacGuffin.csproj", "{705EACAA-6ECC-43CC-A826-FA4F727DA415}"
EndProject
Global
	GlobalSection(SolutionConfigurationPlatforms) = preSolution
		Debug|Any CPU = Debug|Any CPU
		Release|Any CPU = Release|Any CPU
	EndGlobalSection
	GlobalSection(ProjectConfigurationPlatforms) = postSolution
		{705EACAA-6ECC-43CC-A826-FA4F727DA415}.Debug|Any CPU.ActiveCfg = Debug|Any CPU
		{705EACAA-6ECC-43CC-A826-FA4F727DA415}.Debug|Any CPU.Build.0 = Debug|Any CPU
		{705EACAA-6ECC-43CC-A826-FA4F727DA415}.Release|Any CPU.ActiveCfg = Release|Any CPU
		{705EACAA-6ECC-43CC-A826-FA4F727DA415}.Release|Any CPU.Build.0 = Release|Any CPU
	EndGlobalSection
	GlobalSection(SolutionProperties) = preSolution
		HideSolutionNode = FALSE
	EndGlobalSection
	GlobalSection(ExtensibilityGlobals) = postSolution
		SolutionGuid = {CD5FCF97-69D8-4156-86C7-54145DAF8799}
	EndGlobalSection
EndGlobal
